
Microsoft Visual Studio Solution File, Format Version 12.00
# Visual Studio Version 16
VisualStudioVersion = 16.0.30914.41
MinimumVisualStudioVersion = 10.0.40219.1
Project("{FAE04EC0-301F-11D3-BF4B-00C04F79EFBC}") = "Blazor.Samples", "Blazor.Samples.csproj", "{E4615D1E-7CED-49FB-BB84-F29FBC21F761}"
EndProject
Global
	GlobalSection(SolutionConfigurationPlatforms) = preSolution
		Debug|Any CPU = Debug|Any CPU
		Release|Any CPU = Release|Any CPU
	EndGlobalSection
	GlobalSection(ProjectConfigurationPlatforms) = postSolution
		{E4615D1E-7CED-49FB-BB84-F29FBC21F761}.Debug|Any CPU.ActiveCfg = Debug|Any CPU
		{E4615D1E-7CED-49FB-BB84-F29FBC21F761}.Debug|Any CPU.Build.0 = Debug|Any CPU
		{E4615D1E-7CED-49FB-BB84-F29FBC21F761}.Release|Any CPU.ActiveCfg = Release|Any CPU
		{E4615D1E-7CED-49FB-BB84-F29FBC21F761}.Release|Any CPU.Build.0 = Release|Any CPU
	EndGlobalSection
	GlobalSection(SolutionProperties) = preSolution
		HideSolutionNode = FALSE
	EndGlobalSection
	GlobalSection(ExtensibilityGlobals) = postSolution
		SolutionGuid = {38DCA495-53DA-4DC3-BAFE-8A708BAF9C33}
	EndGlobalSection
EndGlobal
